// !$*UTF8*$!
{
	archiveVersion = 1;
	classes = {
	};
	objectVersion = 46;
	objects = {

/* Begin PBXBuildFile section */
		6E18EE301B5E52A000490CE2 /* DVACacheObject.h in Headers */ = {isa = PBXBuildFile; fileRef = 6E18EE2E1B5E52A000490CE2 /* DVACacheObject.h */; settings = {ATTRIBUTES = (Public, ); }; };
		6E18EE311B5E52A000490CE2 /* DVACacheObject.m in Sources */ = {isa = PBXBuildFile; fileRef = 6E18EE2F1B5E52A000490CE2 /* DVACacheObject.m */; };
		6E18EE351B5E5D7700490CE2 /* DVACache.podspec in Resources */ = {isa = PBXBuildFile; fileRef = 6E18EE331B5E5D7700490CE2 /* DVACache.podspec */; };
		6E18EE381B5E5E6600490CE2 /* LICENSE in Resources */ = {isa = PBXBuildFile; fileRef = 6E18EE371B5E5E6600490CE2 /* LICENSE */; };
		6E19E9571B5F8D6700A60217 /* DVACacheBaseTests.m in Sources */ = {isa = PBXBuildFile; fileRef = 6E19E9561B5F8D6700A60217 /* DVACacheBaseTests.m */; };
		6E19E9581B5F8EF000A60217 /* README.md in Resources */ = {isa = PBXBuildFile; fileRef = 6E18EE341B5E5D7700490CE2 /* README.md */; };
		6E19E95A1B5F8FF700A60217 /* DVACacheMemoryTests.m in Sources */ = {isa = PBXBuildFile; fileRef = 6E19E9591B5F8FF700A60217 /* DVACacheMemoryTests.m */; };
		6E19E95C1B5F90F700A60217 /* DVACacheDiskTests.m in Sources */ = {isa = PBXBuildFile; fileRef = 6E19E95B1B5F90F700A60217 /* DVACacheDiskTests.m */; };
		6E19E95E1B5F91CE00A60217 /* DVACacheMixedTests.m in Sources */ = {isa = PBXBuildFile; fileRef = 6E19E95D1B5F91CE00A60217 /* DVACacheMixedTests.m */; };
		6E19FD5C1B5E219D00EFF984 /* DVACache.h in Headers */ = {isa = PBXBuildFile; fileRef = 6E19FD5B1B5E219D00EFF984 /* DVACache.h */; settings = {ATTRIBUTES = (Public, ); }; };
		6E19FD621B5E219D00EFF984 /* DVACache.framework in Frameworks */ = {isa = PBXBuildFile; fileRef = 6E19FD561B5E219D00EFF984 /* DVACache.framework */; };
		6E19FD741B5E21FB00EFF984 /* DVACacheLib.h in Headers */ = {isa = PBXBuildFile; fileRef = 6E19FD721B5E21FB00EFF984 /* DVACacheLib.h */; settings = {ATTRIBUTES = (Public, ); }; };
		6E19FD751B5E21FB00EFF984 /* DVACacheLib.m in Sources */ = {isa = PBXBuildFile; fileRef = 6E19FD731B5E21FB00EFF984 /* DVACacheLib.m */; };
		9052981785E1CD576CAD0D30 /* libPods-DVACacheTests.a in Frameworks */ = {isa = PBXBuildFile; fileRef = 07062BB0A45F93627477030F /* libPods-DVACacheTests.a */; };
		CE26A77DD1C95FFF9896891E /* libPods-DVACache.a in Frameworks */ = {isa = PBXBuildFile; fileRef = 9B8651DF850DA6D1E75A7B0D /* libPods-DVACache.a */; };
/* End PBXBuildFile section */

/* Begin PBXContainerItemProxy section */
		6E19FD631B5E219D00EFF984 /* PBXContainerItemProxy */ = {
			isa = PBXContainerItemProxy;
			containerPortal = 6E19FD4D1B5E219D00EFF984 /* Project object */;
			proxyType = 1;
			remoteGlobalIDString = 6E19FD551B5E219D00EFF984;
			remoteInfo = DVACache;
		};
/* End PBXContainerItemProxy section */

/* Begin PBXFileReference section */
		07062BB0A45F93627477030F /* libPods-DVACacheTests.a */ = {isa = PBXFileReference; explicitFileType = archive.ar; includeInIndex = 0; path = "libPods-DVACacheTests.a"; sourceTree = BUILT_PRODUCTS_DIR; };
		27AE5118B61EEAE0C0ED86A9 /* Pods-DVACacheTests.release.xcconfig */ = {isa = PBXFileReference; includeInIndex = 1; lastKnownFileType = text.xcconfig; name = "Pods-DVACacheTests.release.xcconfig"; path = "Pods/Target Support Files/Pods-DVACacheTests/Pods-DVACacheTests.release.xcconfig"; sourceTree = "<group>"; };
		6E18EE2E1B5E52A000490CE2 /* DVACacheObject.h */ = {isa = PBXFileReference; fileEncoding = 4; lastKnownFileType = sourcecode.c.h; path = DVACacheObject.h; sourceTree = "<group>"; };
		6E18EE2F1B5E52A000490CE2 /* DVACacheObject.m */ = {isa = PBXFileReference; fileEncoding = 4; lastKnownFileType = sourcecode.c.objc; path = DVACacheObject.m; sourceTree = "<group>"; };
		6E18EE331B5E5D7700490CE2 /* DVACache.podspec */ = {isa = PBXFileReference; fileEncoding = 4; lastKnownFileType = text; path = DVACache.podspec; sourceTree = "<group>"; };
		6E18EE341B5E5D7700490CE2 /* README.md */ = {isa = PBXFileReference; fileEncoding = 4; lastKnownFileType = net.daringfireball.markdown; path = README.md; sourceTree = "<group>"; };
		6E18EE371B5E5E6600490CE2 /* LICENSE */ = {isa = PBXFileReference; fileEncoding = 4; lastKnownFileType = text; path = LICENSE; sourceTree = "<group>"; };
		6E19E9551B5F8D6700A60217 /* DVACacheBaseTests.h */ = {isa = PBXFileReference; fileEncoding = 4; lastKnownFileType = sourcecode.c.h; path = DVACacheBaseTests.h; sourceTree = "<group>"; };
		6E19E9561B5F8D6700A60217 /* DVACacheBaseTests.m */ = {isa = PBXFileReference; fileEncoding = 4; lastKnownFileType = sourcecode.c.objc; path = DVACacheBaseTests.m; sourceTree = "<group>"; };
		6E19E9591B5F8FF700A60217 /* DVACacheMemoryTests.m */ = {isa = PBXFileReference; fileEncoding = 4; lastKnownFileType = sourcecode.c.objc; path = DVACacheMemoryTests.m; sourceTree = "<group>"; };
		6E19E95B1B5F90F700A60217 /* DVACacheDiskTests.m */ = {isa = PBXFileReference; fileEncoding = 4; lastKnownFileType = sourcecode.c.objc; path = DVACacheDiskTests.m; sourceTree = "<group>"; };
		6E19E95D1B5F91CE00A60217 /* DVACacheMixedTests.m */ = {isa = PBXFileReference; fileEncoding = 4; lastKnownFileType = sourcecode.c.objc; path = DVACacheMixedTests.m; sourceTree = "<group>"; };
		6E19FD561B5E219D00EFF984 /* DVACache.framework */ = {isa = PBXFileReference; explicitFileType = wrapper.framework; includeInIndex = 0; path = DVACache.framework; sourceTree = BUILT_PRODUCTS_DIR; };
		6E19FD5A1B5E219D00EFF984 /* Info.plist */ = {isa = PBXFileReference; lastKnownFileType = text.plist.xml; path = Info.plist; sourceTree = "<group>"; };
		6E19FD5B1B5E219D00EFF984 /* DVACache.h */ = {isa = PBXFileReference; lastKnownFileType = sourcecode.c.h; path = DVACache.h; sourceTree = "<group>"; };
		6E19FD611B5E219D00EFF984 /* DVACacheTests.xctest */ = {isa = PBXFileReference; explicitFileType = wrapper.cfbundle; includeInIndex = 0; path = DVACacheTests.xctest; sourceTree = BUILT_PRODUCTS_DIR; };
		6E19FD671B5E219D00EFF984 /* Info.plist */ = {isa = PBXFileReference; lastKnownFileType = text.plist.xml; path = Info.plist; sourceTree = "<group>"; };
		6E19FD721B5E21FB00EFF984 /* DVACacheLib.h */ = {isa = PBXFileReference; fileEncoding = 4; lastKnownFileType = sourcecode.c.h; path = DVACacheLib.h; sourceTree = "<group>"; };
		6E19FD731B5E21FB00EFF984 /* DVACacheLib.m */ = {isa = PBXFileReference; fileEncoding = 4; lastKnownFileType = sourcecode.c.objc; path = DVACacheLib.m; sourceTree = "<group>"; };
		9B8651DF850DA6D1E75A7B0D /* libPods-DVACache.a */ = {isa = PBXFileReference; explicitFileType = archive.ar; includeInIndex = 0; path = "libPods-DVACache.a"; sourceTree = BUILT_PRODUCTS_DIR; };
		A1A644DAEA3855E873FCBEAC /* Pods-DVACache.debug.xcconfig */ = {isa = PBXFileReference; includeInIndex = 1; lastKnownFileType = text.xcconfig; name = "Pods-DVACache.debug.xcconfig"; path = "Pods/Target Support Files/Pods-DVACache/Pods-DVACache.debug.xcconfig"; sourceTree = "<group>"; };
		F0B80E31FE8325463C0D1780 /* Pods-DVACacheTests.debug.xcconfig */ = {isa = PBXFileReference; includeInIndex = 1; lastKnownFileType = text.xcconfig; name = "Pods-DVACacheTests.debug.xcconfig"; path = "Pods/Target Support Files/Pods-DVACacheTests/Pods-DVACacheTests.debug.xcconfig"; sourceTree = "<group>"; };
		FD098D14DC5521401B40950C /* Pods-DVACache.release.xcconfig */ = {isa = PBXFileReference; includeInIndex = 1; lastKnownFileType = text.xcconfig; name = "Pods-DVACache.release.xcconfig"; path = "Pods/Target Support Files/Pods-DVACache/Pods-DVACache.release.xcconfig"; sourceTree = "<group>"; };
/* End PBXFileReference section */

/* Begin PBXFrameworksBuildPhase section */
		6E19FD521B5E219D00EFF984 /* Frameworks */ = {
			isa = PBXFrameworksBuildPhase;
			buildActionMask = 2147483647;
			files = (
				CE26A77DD1C95FFF9896891E /* libPods-DVACache.a in Frameworks */,
			);
			runOnlyForDeploymentPostprocessing = 0;
		};
		6E19FD5E1B5E219D00EFF984 /* Frameworks */ = {
			isa = PBXFrameworksBuildPhase;
			buildActionMask = 2147483647;
			files = (
				6E19FD621B5E219D00EFF984 /* DVACache.framework in Frameworks */,
				9052981785E1CD576CAD0D30 /* libPods-DVACacheTests.a in Frameworks */,
			);
			runOnlyForDeploymentPostprocessing = 0;
		};
/* End PBXFrameworksBuildPhase section */

/* Begin PBXGroup section */
		6E19E9521B5F8C7B00A60217 /* Tests */ = {
			isa = PBXGroup;
			children = (
				6E19E9591B5F8FF700A60217 /* DVACacheMemoryTests.m */,
				6E19E95B1B5F90F700A60217 /* DVACacheDiskTests.m */,
				6E19E95D1B5F91CE00A60217 /* DVACacheMixedTests.m */,
			);
			name = Tests;
			sourceTree = "<group>";
		};
		6E19FD4C1B5E219D00EFF984 = {
			isa = PBXGroup;
			children = (
				6E18EE371B5E5E6600490CE2 /* LICENSE */,
				6E18EE331B5E5D7700490CE2 /* DVACache.podspec */,
				6E18EE341B5E5D7700490CE2 /* README.md */,
				6E19FD581B5E219D00EFF984 /* DVACache */,
				6E19FD651B5E219D00EFF984 /* DVACacheTests */,
				6E19FD571B5E219D00EFF984 /* Products */,
				D3FDDCE203232F41BD43968A /* Pods */,
				73E9680CAC390D0407902699 /* Frameworks */,
			);
			sourceTree = "<group>";
		};
		6E19FD571B5E219D00EFF984 /* Products */ = {
			isa = PBXGroup;
			children = (
				6E19FD561B5E219D00EFF984 /* DVACache.framework */,
				6E19FD611B5E219D00EFF984 /* DVACacheTests.xctest */,
			);
			name = Products;
			sourceTree = "<group>";
		};
		6E19FD581B5E219D00EFF984 /* DVACache */ = {
			isa = PBXGroup;
			children = (
				6E19FD771B5E220000EFF984 /* cache */,
				6E19FD5B1B5E219D00EFF984 /* DVACache.h */,
				6E19FD591B5E219D00EFF984 /* Supporting Files */,
			);
			path = DVACache;
			sourceTree = "<group>";
		};
		6E19FD591B5E219D00EFF984 /* Supporting Files */ = {
			isa = PBXGroup;
			children = (
				6E19FD5A1B5E219D00EFF984 /* Info.plist */,
			);
			name = "Supporting Files";
			sourceTree = "<group>";
		};
		6E19FD651B5E219D00EFF984 /* DVACacheTests */ = {
			isa = PBXGroup;
			children = (
				6E19E9551B5F8D6700A60217 /* DVACacheBaseTests.h */,
				6E19E9561B5F8D6700A60217 /* DVACacheBaseTests.m */,
				6E19E9521B5F8C7B00A60217 /* Tests */,
				6E19FD661B5E219D00EFF984 /* Supporting Files */,
			);
			path = DVACacheTests;
			sourceTree = "<group>";
		};
		6E19FD661B5E219D00EFF984 /* Supporting Files */ = {
			isa = PBXGroup;
			children = (
				6E19FD671B5E219D00EFF984 /* Info.plist */,
			);
			name = "Supporting Files";
			sourceTree = "<group>";
		};
		6E19FD771B5E220000EFF984 /* cache */ = {
			isa = PBXGroup;
			children = (
				6E19FD721B5E21FB00EFF984 /* DVACacheLib.h */,
				6E19FD731B5E21FB00EFF984 /* DVACacheLib.m */,
				6E18EE2E1B5E52A000490CE2 /* DVACacheObject.h */,
				6E18EE2F1B5E52A000490CE2 /* DVACacheObject.m */,
			);
			name = cache;
			sourceTree = "<group>";
		};
		73E9680CAC390D0407902699 /* Frameworks */ = {
			isa = PBXGroup;
			children = (
				9B8651DF850DA6D1E75A7B0D /* libPods-DVACache.a */,
				07062BB0A45F93627477030F /* libPods-DVACacheTests.a */,
			);
			name = Frameworks;
			sourceTree = "<group>";
		};
		D3FDDCE203232F41BD43968A /* Pods */ = {
			isa = PBXGroup;
			children = (
				A1A644DAEA3855E873FCBEAC /* Pods-DVACache.debug.xcconfig */,
				FD098D14DC5521401B40950C /* Pods-DVACache.release.xcconfig */,
				F0B80E31FE8325463C0D1780 /* Pods-DVACacheTests.debug.xcconfig */,
				27AE5118B61EEAE0C0ED86A9 /* Pods-DVACacheTests.release.xcconfig */,
			);
			name = Pods;
			sourceTree = "<group>";
		};
/* End PBXGroup section */

/* Begin PBXHeadersBuildPhase section */
		6E19FD531B5E219D00EFF984 /* Headers */ = {
			isa = PBXHeadersBuildPhase;
			buildActionMask = 2147483647;
			files = (
				6E19FD5C1B5E219D00EFF984 /* DVACache.h in Headers */,
				6E19FD741B5E21FB00EFF984 /* DVACacheLib.h in Headers */,
				6E18EE301B5E52A000490CE2 /* DVACacheObject.h in Headers */,
			);
			runOnlyForDeploymentPostprocessing = 0;
		};
/* End PBXHeadersBuildPhase section */

/* Begin PBXNativeTarget section */
		6E19FD551B5E219D00EFF984 /* DVACache */ = {
			isa = PBXNativeTarget;
			buildConfigurationList = 6E19FD6C1B5E219D00EFF984 /* Build configuration list for PBXNativeTarget "DVACache" */;
			buildPhases = (
				52ECD5BC59CE05C8B90DF5B3 /* 📦 Check Pods Manifest.lock */,
				6E19FD511B5E219D00EFF984 /* Sources */,
				6E19FD521B5E219D00EFF984 /* Frameworks */,
				6E19FD531B5E219D00EFF984 /* Headers */,
				6E19FD541B5E219D00EFF984 /* Resources */,
				6736A62F4044EEEC24795F20 /* 📦 Copy Pods Resources */,
			);
			buildRules = (
			);
			dependencies = (
			);
			name = DVACache;
			productName = DVACache;
			productReference = 6E19FD561B5E219D00EFF984 /* DVACache.framework */;
			productType = "com.apple.product-type.framework";
		};
		6E19FD601B5E219D00EFF984 /* DVACacheTests */ = {
			isa = PBXNativeTarget;
			buildConfigurationList = 6E19FD6F1B5E219D00EFF984 /* Build configuration list for PBXNativeTarget "DVACacheTests" */;
			buildPhases = (
				EA7A7919B8AC102C5B0C08F8 /* 📦 Check Pods Manifest.lock */,
				6E19FD5D1B5E219D00EFF984 /* Sources */,
				6E19FD5E1B5E219D00EFF984 /* Frameworks */,
				6E19FD5F1B5E219D00EFF984 /* Resources */,
				96BC63AF306DF5A5D4A6FBFC /* 📦 Embed Pods Frameworks */,
				051EB83CC9123EA2C5D91750 /* 📦 Copy Pods Resources */,
			);
			buildRules = (
			);
			dependencies = (
				6E19FD641B5E219D00EFF984 /* PBXTargetDependency */,
			);
			name = DVACacheTests;
			productName = DVACacheTests;
			productReference = 6E19FD611B5E219D00EFF984 /* DVACacheTests.xctest */;
			productType = "com.apple.product-type.bundle.unit-test";
		};
/* End PBXNativeTarget section */

/* Begin PBXProject section */
		6E19FD4D1B5E219D00EFF984 /* Project object */ = {
			isa = PBXProject;
			attributes = {
				LastUpgradeCheck = 0730;
				ORGANIZATIONNAME = "Pablo Romeu";
				TargetAttributes = {
					6E19FD551B5E219D00EFF984 = {
						CreatedOnToolsVersion = 6.4;
					};
					6E19FD601B5E219D00EFF984 = {
						CreatedOnToolsVersion = 6.4;
					};
				};
			};
			buildConfigurationList = 6E19FD501B5E219D00EFF984 /* Build configuration list for PBXProject "DVACache" */;
			compatibilityVersion = "Xcode 3.2";
			developmentRegion = English;
			hasScannedForEncodings = 0;
			knownRegions = (
				en,
			);
			mainGroup = 6E19FD4C1B5E219D00EFF984;
			productRefGroup = 6E19FD571B5E219D00EFF984 /* Products */;
			projectDirPath = "";
			projectRoot = "";
			targets = (
				6E19FD551B5E219D00EFF984 /* DVACache */,
				6E19FD601B5E219D00EFF984 /* DVACacheTests */,
			);
		};
/* End PBXProject section */

/* Begin PBXResourcesBuildPhase section */
		6E19FD541B5E219D00EFF984 /* Resources */ = {
			isa = PBXResourcesBuildPhase;
			buildActionMask = 2147483647;
			files = (
				6E19E9581B5F8EF000A60217 /* README.md in Resources */,
				6E18EE381B5E5E6600490CE2 /* LICENSE in Resources */,
				6E18EE351B5E5D7700490CE2 /* DVACache.podspec in Resources */,
			);
			runOnlyForDeploymentPostprocessing = 0;
		};
		6E19FD5F1B5E219D00EFF984 /* Resources */ = {
			isa = PBXResourcesBuildPhase;
			buildActionMask = 2147483647;
			files = (
			);
			runOnlyForDeploymentPostprocessing = 0;
		};
/* End PBXResourcesBuildPhase section */

/* Begin PBXShellScriptBuildPhase section */
		051EB83CC9123EA2C5D91750 /* 📦 Copy Pods Resources */ = {
			isa = PBXShellScriptBuildPhase;
			buildActionMask = 2147483647;
			files = (
			);
			inputPaths = (
			);
			name = "📦 Copy Pods Resources";
			outputPaths = (
			);
			runOnlyForDeploymentPostprocessing = 0;
			shellPath = /bin/sh;
			shellScript = "\"${SRCROOT}/Pods/Target Support Files/Pods-DVACacheTests/Pods-DVACacheTests-resources.sh\"\n";
			showEnvVarsInLog = 0;
		};
		52ECD5BC59CE05C8B90DF5B3 /* 📦 Check Pods Manifest.lock */ = {
			isa = PBXShellScriptBuildPhase;
			buildActionMask = 2147483647;
			files = (
			);
			inputPaths = (
			);
			name = "📦 Check Pods Manifest.lock";
			outputPaths = (
			);
			runOnlyForDeploymentPostprocessing = 0;
			shellPath = /bin/sh;
			shellScript = "diff \"${PODS_ROOT}/../Podfile.lock\" \"${PODS_ROOT}/Manifest.lock\" > /dev/null\nif [[ $? != 0 ]] ; then\n    cat << EOM\nerror: The sandbox is not in sync with the Podfile.lock. Run 'pod install' or update your CocoaPods installation.\nEOM\n    exit 1\nfi\n";
			showEnvVarsInLog = 0;
		};
		6736A62F4044EEEC24795F20 /* 📦 Copy Pods Resources */ = {
			isa = PBXShellScriptBuildPhase;
			buildActionMask = 2147483647;
			files = (
			);
			inputPaths = (
			);
			name = "📦 Copy Pods Resources";
			outputPaths = (
			);
			runOnlyForDeploymentPostprocessing = 0;
			shellPath = /bin/sh;
			shellScript = "\"${SRCROOT}/Pods/Target Support Files/Pods-DVACache/Pods-DVACache-resources.sh\"\n";
			showEnvVarsInLog = 0;
		};
		96BC63AF306DF5A5D4A6FBFC /* 📦 Embed Pods Frameworks */ = {
			isa = PBXShellScriptBuildPhase;
			buildActionMask = 2147483647;
			files = (
			);
			inputPaths = (
			);
			name = "📦 Embed Pods Frameworks";
			outputPaths = (
			);
			runOnlyForDeploymentPostprocessing = 0;
			shellPath = /bin/sh;
			shellScript = "\"${SRCROOT}/Pods/Target Support Files/Pods-DVACacheTests/Pods-DVACacheTests-frameworks.sh\"\n";
			showEnvVarsInLog = 0;
		};
		EA7A7919B8AC102C5B0C08F8 /* 📦 Check Pods Manifest.lock */ = {
			isa = PBXShellScriptBuildPhase;
			buildActionMask = 2147483647;
			files = (
			);
			inputPaths = (
			);
			name = "📦 Check Pods Manifest.lock";
			outputPaths = (
			);
			runOnlyForDeploymentPostprocessing = 0;
			shellPath = /bin/sh;
			shellScript = "diff \"${PODS_ROOT}/../Podfile.lock\" \"${PODS_ROOT}/Manifest.lock\" > /dev/null\nif [[ $? != 0 ]] ; then\n    cat << EOM\nerror: The sandbox is not in sync with the Podfile.lock. Run 'pod install' or update your CocoaPods installation.\nEOM\n    exit 1\nfi\n";
			showEnvVarsInLog = 0;
		};
/* End PBXShellScriptBuildPhase section */

/* Begin PBXSourcesBuildPhase section */
		6E19FD511B5E219D00EFF984 /* Sources */ = {
			isa = PBXSourcesBuildPhase;
			buildActionMask = 2147483647;
			files = (
				6E19FD751B5E21FB00EFF984 /* DVACacheLib.m in Sources */,
				6E18EE311B5E52A000490CE2 /* DVACacheObject.m in Sources */,
			);
			runOnlyForDeploymentPostprocessing = 0;
		};
		6E19FD5D1B5E219D00EFF984 /* Sources */ = {
			isa = PBXSourcesBuildPhase;
			buildActionMask = 2147483647;
			files = (
				6E19E95E1B5F91CE00A60217 /* DVACacheMixedTests.m in Sources */,
				6E19E95C1B5F90F700A60217 /* DVACacheDiskTests.m in Sources */,
				6E19E9571B5F8D6700A60217 /* DVACacheBaseTests.m in Sources */,
				6E19E95A1B5F8FF700A60217 /* DVACacheMemoryTests.m in Sources */,
			);
			runOnlyForDeploymentPostprocessing = 0;
		};
/* End PBXSourcesBuildPhase section */

/* Begin PBXTargetDependency section */
		6E19FD641B5E219D00EFF984 /* PBXTargetDependency */ = {
			isa = PBXTargetDependency;
			target = 6E19FD551B5E219D00EFF984 /* DVACache */;
			targetProxy = 6E19FD631B5E219D00EFF984 /* PBXContainerItemProxy */;
		};
/* End PBXTargetDependency section */

/* Begin XCBuildConfiguration section */
		6E19FD6A1B5E219D00EFF984 /* Debug */ = {
			isa = XCBuildConfiguration;
			buildSettings = {
				ALWAYS_SEARCH_USER_PATHS = NO;
				CLANG_ALLOW_NON_MODULAR_INCLUDES_IN_FRAMEWORK_MODULES = YES;
				CLANG_CXX_LANGUAGE_STANDARD = "gnu++0x";
				CLANG_CXX_LIBRARY = "libc++";
				CLANG_ENABLE_MODULES = YES;
				CLANG_ENABLE_OBJC_ARC = YES;
				CLANG_WARN_BOOL_CONVERSION = YES;
				CLANG_WARN_CONSTANT_CONVERSION = YES;
				CLANG_WARN_DIRECT_OBJC_ISA_USAGE = YES_ERROR;
				CLANG_WARN_EMPTY_BODY = YES;
				CLANG_WARN_ENUM_CONVERSION = YES;
				CLANG_WARN_INT_CONVERSION = YES;
				CLANG_WARN_OBJC_ROOT_CLASS = YES_ERROR;
				CLANG_WARN_UNREACHABLE_CODE = YES;
				CLANG_WARN__DUPLICATE_METHOD_MATCH = YES;
				"CODE_SIGN_IDENTITY[sdk=iphoneos*]" = "iPhone Developer";
				COPY_PHASE_STRIP = NO;
				CURRENT_PROJECT_VERSION = 1;
				DEBUG_INFORMATION_FORMAT = "dwarf-with-dsym";
				ENABLE_STRICT_OBJC_MSGSEND = YES;
				ENABLE_TESTABILITY = YES;
				GCC_C_LANGUAGE_STANDARD = gnu99;
				GCC_DYNAMIC_NO_PIC = NO;
				GCC_NO_COMMON_BLOCKS = YES;
				GCC_OPTIMIZATION_LEVEL = 0;
				GCC_PREPROCESSOR_DEFINITIONS = (
					"DEBUG=1",
					"$(inherited)",
				);
				GCC_SYMBOLS_PRIVATE_EXTERN = NO;
				GCC_WARN_64_TO_32_BIT_CONVERSION = YES;
				GCC_WARN_ABOUT_RETURN_TYPE = YES_ERROR;
				GCC_WARN_UNDECLARED_SELECTOR = YES;
				GCC_WARN_UNINITIALIZED_AUTOS = YES_AGGRESSIVE;
				GCC_WARN_UNUSED_FUNCTION = YES;
				GCC_WARN_UNUSED_VARIABLE = YES;
				IPHONEOS_DEPLOYMENT_TARGET = 8.4;
				MTL_ENABLE_DEBUG_INFO = YES;
				ONLY_ACTIVE_ARCH = YES;
				SDKROOT = iphoneos;
				TARGETED_DEVICE_FAMILY = "1,2";
				VERSIONING_SYSTEM = "apple-generic";
				VERSION_INFO_PREFIX = "";
			};
			name = Debug;
		};
		6E19FD6B1B5E219D00EFF984 /* Release */ = {
			isa = XCBuildConfiguration;
			buildSettings = {
				ALWAYS_SEARCH_USER_PATHS = NO;
				CLANG_ALLOW_NON_MODULAR_INCLUDES_IN_FRAMEWORK_MODULES = YES;
				CLANG_CXX_LANGUAGE_STANDARD = "gnu++0x";
				CLANG_CXX_LIBRARY = "libc++";
				CLANG_ENABLE_MODULES = YES;
				CLANG_ENABLE_OBJC_ARC = YES;
				CLANG_WARN_BOOL_CONVERSION = YES;
				CLANG_WARN_CONSTANT_CONVERSION = YES;
				CLANG_WARN_DIRECT_OBJC_ISA_USAGE = YES_ERROR;
				CLANG_WARN_EMPTY_BODY = YES;
				CLANG_WARN_ENUM_CONVERSION = YES;
				CLANG_WARN_INT_CONVERSION = YES;
				CLANG_WARN_OBJC_ROOT_CLASS = YES_ERROR;
				CLANG_WARN_UNREACHABLE_CODE = YES;
				CLANG_WARN__DUPLICATE_METHOD_MATCH = YES;
				"CODE_SIGN_IDENTITY[sdk=iphoneos*]" = "iPhone Developer";
				COPY_PHASE_STRIP = NO;
				CURRENT_PROJECT_VERSION = 1;
				DEBUG_INFORMATION_FORMAT = "dwarf-with-dsym";
				ENABLE_NS_ASSERTIONS = NO;
				ENABLE_STRICT_OBJC_MSGSEND = YES;
				GCC_C_LANGUAGE_STANDARD = gnu99;
				GCC_NO_COMMON_BLOCKS = YES;
				GCC_WARN_64_TO_32_BIT_CONVERSION = YES;
				GCC_WARN_ABOUT_RETURN_TYPE = YES_ERROR;
				GCC_WARN_UNDECLARED_SELECTOR = YES;
				GCC_WARN_UNINITIALIZED_AUTOS = YES_AGGRESSIVE;
				GCC_WARN_UNUSED_FUNCTION = YES;
				GCC_WARN_UNUSED_VARIABLE = YES;
				IPHONEOS_DEPLOYMENT_TARGET = 8.4;
				MTL_ENABLE_DEBUG_INFO = NO;
				SDKROOT = iphoneos;
				TARGETED_DEVICE_FAMILY = "1,2";
				VALIDATE_PRODUCT = YES;
				VERSIONING_SYSTEM = "apple-generic";
				VERSION_INFO_PREFIX = "";
			};
			name = Release;
		};
		6E19FD6D1B5E219D00EFF984 /* Debug */ = {
			isa = XCBuildConfiguration;
			baseConfigurationReference = A1A644DAEA3855E873FCBEAC /* Pods-DVACache.debug.xcconfig */;
			buildSettings = {
				DEFINES_MODULE = YES;
				DYLIB_COMPATIBILITY_VERSION = 1;
				DYLIB_CURRENT_VERSION = 1;
				DYLIB_INSTALL_NAME_BASE = "@rpath";
				INFOPLIST_FILE = DVACache/Info.plist;
				INSTALL_PATH = "$(LOCAL_LIBRARY_DIR)/Frameworks";
				LD_RUNPATH_SEARCH_PATHS = "$(inherited) @executable_path/Frameworks @loader_path/Frameworks";
				PRODUCT_BUNDLE_IDENTIFIER = "com.develapps.$(PRODUCT_NAME:rfc1034identifier)";
				PRODUCT_NAME = "$(TARGET_NAME)";
				SKIP_INSTALL = YES;
			};
			name = Debug;
		};
		6E19FD6E1B5E219D00EFF984 /* Release */ = {
			isa = XCBuildConfiguration;
			baseConfigurationReference = FD098D14DC5521401B40950C /* Pods-DVACache.release.xcconfig */;
			buildSettings = {
				DEFINES_MODULE = YES;
				DYLIB_COMPATIBILITY_VERSION = 1;
				DYLIB_CURRENT_VERSION = 1;
				DYLIB_INSTALL_NAME_BASE = "@rpath";
				INFOPLIST_FILE = DVACache/Info.plist;
				INSTALL_PATH = "$(LOCAL_LIBRARY_DIR)/Frameworks";
				LD_RUNPATH_SEARCH_PATHS = "$(inherited) @executable_path/Frameworks @loader_path/Frameworks";
				PRODUCT_BUNDLE_IDENTIFIER = "com.develapps.$(PRODUCT_NAME:rfc1034identifier)";
				PRODUCT_NAME = "$(TARGET_NAME)";
				SKIP_INSTALL = YES;
			};
			name = Release;
		};
		6E19FD701B5E219D00EFF984 /* Debug */ = {
			isa = XCBuildConfiguration;
			baseConfigurationReference = F0B80E31FE8325463C0D1780 /* Pods-DVACacheTests.debug.xcconfig */;
			buildSettings = {
				FRAMEWORK_SEARCH_PATHS = (
					"$(SDKROOT)/Developer/Library/Frameworks",
					"$(inherited)",
				);
				GCC_PREPROCESSOR_DEFINITIONS = (
					"DEBUG=1",
					"$(inherited)",
				);
				INFOPLIST_FILE = DVACacheTests/Info.plist;
				LD_RUNPATH_SEARCH_PATHS = "$(inherited) @executable_path/Frameworks @loader_path/Frameworks";
				PRODUCT_BUNDLE_IDENTIFIER = "com.develapps.$(PRODUCT_NAME:rfc1034identifier)";
				PRODUCT_NAME = "$(TARGET_NAME)";
			};
			name = Debug;
		};
		6E19FD711B5E219D00EFF984 /* Release */ = {
			isa = XCBuildConfiguration;
			baseConfigurationReference = 27AE5118B61EEAE0C0ED86A9 /* Pods-DVACacheTests.release.xcconfig */;
			buildSettings = {
				FRAMEWORK_SEARCH_PATHS = (
					"$(SDKROOT)/Developer/Library/Frameworks",
					"$(inherited)",
				);
				INFOPLIST_FILE = DVACacheTests/Info.plist;
				LD_RUNPATH_SEARCH_PATHS = "$(inherited) @executable_path/Frameworks @loader_path/Frameworks";
				PRODUCT_BUNDLE_IDENTIFIER = "com.develapps.$(PRODUCT_NAME:rfc1034identifier)";
				PRODUCT_NAME = "$(TARGET_NAME)";
			};
			name = Release;
		};
/* End XCBuildConfiguration section */

/* Begin XCConfigurationList section */
		6E19FD501B5E219D00EFF984 /* Build configuration list for PBXProject "DVACache" */ = {
			isa = XCConfigurationList;
			buildConfigurations = (
				6E19FD6A1B5E219D00EFF984 /* Debug */,
				6E19FD6B1B5E219D00EFF984 /* Release */,
			);
			defaultConfigurationIsVisible = 0;
			defaultConfigurationName = Release;
		};
		6E19FD6C1B5E219D00EFF984 /* Build configuration list for PBXNativeTarget "DVACache" */ = {
			isa = XCConfigurationList;
			buildConfigurations = (
				6E19FD6D1B5E219D00EFF984 /* Debug */,
				6E19FD6E1B5E219D00EFF984 /* Release */,
			);
			defaultConfigurationIsVisible = 0;
			defaultConfigurationName = Release;
		};
		6E19FD6F1B5E219D00EFF984 /* Build configuration list for PBXNativeTarget "DVACacheTests" */ = {
			isa = XCConfigurationList;
			buildConfigurations = (
				6E19FD701B5E219D00EFF984 /* Debug */,
				6E19FD711B5E219D00EFF984 /* Release */,
			);
			defaultConfigurationIsVisible = 0;
			defaultConfigurationName = Release;
		};
/* End XCConfigurationList section */
	};
	rootObject = 6E19FD4D1B5E219D00EFF984 /* Project object */;
}
